
Microsoft Visual Studio Solution File, Format Version 12.00
Project("{FAE04EC0-301F-11D3-BF4B-00C04F79EFBC}") = "Movies.Api", "Movies.Api\Movies.Api.csproj", "{4DFEC192-BDE8-4EA2-BDF6-8B4495877310}"
EndProject
Project("{FAE04EC0-301F-11D3-BF4B-00C04F79EFBC}") = "Movies.Application", "Movies.Application\Movies.Application.csproj", "{0E28D931-0B23-45E0-AC95-3416334DDDA4}"
EndProject
Project("{FAE04EC0-301F-11D3-BF4B-00C04F79EFBC}") = "Movies.Contracts", "Movies.Contracts\Movies.Contracts.csproj", "{CE13989E-D731-42F7-BFCB-D396AD8E2686}"
EndProject
Project("{2150E333-8FDC-42A3-9474-1A3956D46DE8}") = "Helpers", "Helpers", "{69A5B7EF-FD02-4B58-94E5-23C30B244650}"
EndProject
Project("{2150E333-8FDC-42A3-9474-1A3956D46DE8}") = "Course", "Course", "{97BCB1F9-1401-4F2E-BFD6-A51F4E1056D9}"
EndProject
Project("{FAE04EC0-301F-11D3-BF4B-00C04F79EFBC}") = "Identity.Api", "Identity.Api\Identity.Api.csproj", "{BCB94A7C-489B-4CAC-8F1D-4234A5BA6513}"
EndProject
Project("{FAE04EC0-301F-11D3-BF4B-00C04F79EFBC}") = "Movies.Api.Sdk", "Movies.Api.Sdk\Movies.Api.Sdk.csproj", "{239F3EFB-4C29-43A3-82BF-512CD3AEE381}"
EndProject
Project("{FAE04EC0-301F-11D3-BF4B-00C04F79EFBC}") = "Movies.Api.Sdk.Consumer", "Movies.Api.Sdk.Consumer\Movies.Api.Sdk.Consumer.csproj", "{CA841BFC-9BA8-44AF-BC18-A93480BC3317}"
EndProject
Global
	GlobalSection(SolutionConfigurationPlatforms) = preSolution
		Debug|Any CPU = Debug|Any CPU
		Release|Any CPU = Release|Any CPU
	EndGlobalSection
	GlobalSection(ProjectConfigurationPlatforms) = postSolution
		{4DFEC192-BDE8-4EA2-BDF6-8B4495877310}.Debug|Any CPU.ActiveCfg = Debug|Any CPU
		{4DFEC192-BDE8-4EA2-BDF6-8B4495877310}.Debug|Any CPU.Build.0 = Debug|Any CPU
		{4DFEC192-BDE8-4EA2-BDF6-8B4495877310}.Release|Any CPU.ActiveCfg = Release|Any CPU
		{4DFEC192-BDE8-4EA2-BDF6-8B4495877310}.Release|Any CPU.Build.0 = Release|Any CPU
		{0E28D931-0B23-45E0-AC95-3416334DDDA4}.Debug|Any CPU.ActiveCfg = Debug|Any CPU
		{0E28D931-0B23-45E0-AC95-3416334DDDA4}.Debug|Any CPU.Build.0 = Debug|Any CPU
		{0E28D931-0B23-45E0-AC95-3416334DDDA4}.Release|Any CPU.ActiveCfg = Release|Any CPU
		{0E28D931-0B23-45E0-AC95-3416334DDDA4}.Release|Any CPU.Build.0 = Release|Any CPU
		{CE13989E-D731-42F7-BFCB-D396AD8E2686}.Debug|Any CPU.ActiveCfg = Debug|Any CPU
		{CE13989E-D731-42F7-BFCB-D396AD8E2686}.Debug|Any CPU.Build.0 = Debug|Any CPU
		{CE13989E-D731-42F7-BFCB-D396AD8E2686}.Release|Any CPU.ActiveCfg = Release|Any CPU
		{CE13989E-D731-42F7-BFCB-D396AD8E2686}.Release|Any CPU.Build.0 = Release|Any CPU
		{BCB94A7C-489B-4CAC-8F1D-4234A5BA6513}.Debug|Any CPU.ActiveCfg = Debug|Any CPU
		{BCB94A7C-489B-4CAC-8F1D-4234A5BA6513}.Debug|Any CPU.Build.0 = Debug|Any CPU
		{BCB94A7C-489B-4CAC-8F1D-4234A5BA6513}.Release|Any CPU.ActiveCfg = Release|Any CPU
		{BCB94A7C-489B-4CAC-8F1D-4234A5BA6513}.Release|Any CPU.Build.0 = Release|Any CPU
		{239F3EFB-4C29-43A3-82BF-512CD3AEE381}.Debug|Any CPU.ActiveCfg = Debug|Any CPU
		{239F3EFB-4C29-43A3-82BF-512CD3AEE381}.Debug|Any CPU.Build.0 = Debug|Any CPU
		{239F3EFB-4C29-43A3-82BF-512CD3AEE381}.Release|Any CPU.ActiveCfg = Release|Any CPU
		{239F3EFB-4C29-43A3-82BF-512CD3AEE381}.Release|Any CPU.Build.0 = Release|Any CPU
		{CA841BFC-9BA8-44AF-BC18-A93480BC3317}.Debug|Any CPU.ActiveCfg = Debug|Any CPU
		{CA841BFC-9BA8-44AF-BC18-A93480BC3317}.Debug|Any CPU.Build.0 = Debug|Any CPU
		{CA841BFC-9BA8-44AF-BC18-A93480BC3317}.Release|Any CPU.ActiveCfg = Release|Any CPU
		{CA841BFC-9BA8-44AF-BC18-A93480BC3317}.Release|Any CPU.Build.0 = Release|Any CPU
	EndGlobalSection
	GlobalSection(NestedProjects) = preSolution
		{4DFEC192-BDE8-4EA2-BDF6-8B4495877310} = {97BCB1F9-1401-4F2E-BFD6-A51F4E1056D9}
		{0E28D931-0B23-45E0-AC95-3416334DDDA4} = {97BCB1F9-1401-4F2E-BFD6-A51F4E1056D9}
		{CE13989E-D731-42F7-BFCB-D396AD8E2686} = {97BCB1F9-1401-4F2E-BFD6-A51F4E1056D9}
		{BCB94A7C-489B-4CAC-8F1D-4234A5BA6513} = {69A5B7EF-FD02-4B58-94E5-23C30B244650}
		{239F3EFB-4C29-43A3-82BF-512CD3AEE381} = {97BCB1F9-1401-4F2E-BFD6-A51F4E1056D9}
		{CA841BFC-9BA8-44AF-BC18-A93480BC3317} = {97BCB1F9-1401-4F2E-BFD6-A51F4E1056D9}
	EndGlobalSection
EndGlobal
